
Microsoft Visual Studio Solution File, Format Version 12.00
# Visual Studio Version 16
VisualStudioVersion = 16.0.29009.5
MinimumVisualStudioVersion = 10.0.40219.1
Project("{FAE04EC0-301F-11D3-BF4B-00C04F79EFBC}") = "EfCoreTruncateStringsBasedOnMaxLength", "EfCoreTruncateStringsBasedOnMaxLength.csproj", "{4F80D288-726B-424C-BEFA-F96FDCDFFF6B}"
EndProject
Global
	GlobalSection(SolutionConfigurationPlatforms) = preSolution
		Debug|Any CPU = Debug|Any CPU
		Release|Any CPU = Release|Any CPU
	EndGlobalSection
	GlobalSection(ProjectConfigurationPlatforms) = postSolution
		{4F80D288-726B-424C-BEFA-F96FDCDFFF6B}.Debug|Any CPU.ActiveCfg = Debug|Any CPU
		{4F80D288-726B-424C-BEFA-F96FDCDFFF6B}.Debug|Any CPU.Build.0 = Debug|Any CPU
		{4F80D288-726B-424C-BEFA-F96FDCDFFF6B}.Release|Any CPU.ActiveCfg = Release|Any CPU
		{4F80D288-726B-424C-BEFA-F96FDCDFFF6B}.Release|Any CPU.Build.0 = Release|Any CPU
	EndGlobalSection
	GlobalSection(SolutionProperties) = preSolution
		HideSolutionNode = FALSE
	EndGlobalSection
	GlobalSection(ExtensibilityGlobals) = postSolution
		SolutionGuid = {AE219A2A-A92F-4CE3-B267-E00B3D9ACD57}
	EndGlobalSection
EndGlobal
